// !$*UTF8*$!
{
	archiveVersion = 1;
	classes = {
	};
	objectVersion = 50;
	objects = {

/* Begin PBXBuildFile section */
		A3BFC284258BDA03000F6F43 /* AppDelegate.swift in Sources */ = {isa = PBXBuildFile; fileRef = A3BFC283258BDA03000F6F43 /* AppDelegate.swift */; };
		A3BFC286258BDA03000F6F43 /* SceneDelegate.swift in Sources */ = {isa = PBXBuildFile; fileRef = A3BFC285258BDA03000F6F43 /* SceneDelegate.swift */; };
		A3BFC288258BDA03000F6F43 /* MainViewController.swift in Sources */ = {isa = PBXBuildFile; fileRef = A3BFC287258BDA03000F6F43 /* MainViewController.swift */; };
		A3BFC28B258BDA03000F6F43 /* Main.storyboard in Resources */ = {isa = PBXBuildFile; fileRef = A3BFC289258BDA03000F6F43 /* Main.storyboard */; };
		A3BFC28D258BDA05000F6F43 /* Assets.xcassets in Resources */ = {isa = PBXBuildFile; fileRef = A3BFC28C258BDA05000F6F43 /* Assets.xcassets */; };
		A3BFC290258BDA05000F6F43 /* LaunchScreen.storyboard in Resources */ = {isa = PBXBuildFile; fileRef = A3BFC28E258BDA05000F6F43 /* LaunchScreen.storyboard */; };
		A3BFC29C258BDB46000F6F43 /* Arrocha.swift in Sources */ = {isa = PBXBuildFile; fileRef = A3BFC29B258BDB46000F6F43 /* Arrocha.swift */; };
		A3BFC29E258BDC67000F6F43 /* ResultadoViewController.swift in Sources */ = {isa = PBXBuildFile; fileRef = A3BFC29D258BDC67000F6F43 /* ResultadoViewController.swift */; };
/* End PBXBuildFile section */

/* Begin PBXFileReference section */
		A3BFC280258BDA03000F6F43 /* Arrocha.app */ = {isa = PBXFileReference; explicitFileType = wrapper.application; includeInIndex = 0; path = Arrocha.app; sourceTree = BUILT_PRODUCTS_DIR; };
		A3BFC283258BDA03000F6F43 /* AppDelegate.swift */ = {isa = PBXFileReference; lastKnownFileType = sourcecode.swift; path = AppDelegate.swift; sourceTree = "<group>"; };
		A3BFC285258BDA03000F6F43 /* SceneDelegate.swift */ = {isa = PBXFileReference; lastKnownFileType = sourcecode.swift; path = SceneDelegate.swift; sourceTree = "<group>"; };
		A3BFC287258BDA03000F6F43 /* MainViewController.swift */ = {isa = PBXFileReference; lastKnownFileType = sourcecode.swift; path = MainViewController.swift; sourceTree = "<group>"; };
		A3BFC28A258BDA03000F6F43 /* Base */ = {isa = PBXFileReference; lastKnownFileType = file.storyboard; name = Base; path = Base.lproj/Main.storyboard; sourceTree = "<group>"; };
		A3BFC28C258BDA05000F6F43 /* Assets.xcassets */ = {isa = PBXFileReference; lastKnownFileType = folder.assetcatalog; path = Assets.xcassets; sourceTree = "<group>"; };
		A3BFC28F258BDA05000F6F43 /* Base */ = {isa = PBXFileReference; lastKnownFileType = file.storyboard; name = Base; path = Base.lproj/LaunchScreen.storyboard; sourceTree = "<group>"; };
		A3BFC291258BDA05000F6F43 /* Info.plist */ = {isa = PBXFileReference; lastKnownFileType = text.plist.xml; path = Info.plist; sourceTree = "<group>"; };
		A3BFC29B258BDB46000F6F43 /* Arrocha.swift */ = {isa = PBXFileReference; lastKnownFileType = sourcecode.swift; path = Arrocha.swift; sourceTree = "<group>"; };
		A3BFC29D258BDC67000F6F43 /* ResultadoViewController.swift */ = {isa = PBXFileReference; lastKnownFileType = sourcecode.swift; path = ResultadoViewController.swift; sourceTree = "<group>"; };
/* End PBXFileReference section */

/* Begin PBXFrameworksBuildPhase section */
		A3BFC27D258BDA03000F6F43 /* Frameworks */ = {
			isa = PBXFrameworksBuildPhase;
			buildActionMask = 2147483647;
			files = (
			);
			runOnlyForDeploymentPostprocessing = 0;
		};
/* End PBXFrameworksBuildPhase section */

/* Begin PBXGroup section */
		A3BFC277258BDA03000F6F43 = {
			isa = PBXGroup;
			children = (
				A3BFC282258BDA03000F6F43 /* Arrocha */,
				A3BFC281258BDA03000F6F43 /* Products */,
			);
			sourceTree = "<group>";
		};
		A3BFC281258BDA03000F6F43 /* Products */ = {
			isa = PBXGroup;
			children = (
				A3BFC280258BDA03000F6F43 /* Arrocha.app */,
			);
			name = Products;
			sourceTree = "<group>";
		};
		A3BFC282258BDA03000F6F43 /* Arrocha */ = {
			isa = PBXGroup;
			children = (
				A3BFC285258BDA03000F6F43 /* SceneDelegate.swift */,
				A3BFC283258BDA03000F6F43 /* AppDelegate.swift */,
				A3BFC28C258BDA05000F6F43 /* Assets.xcassets */,
				A3BFC291258BDA05000F6F43 /* Info.plist */,
				A3BFC299258BDA44000F6F43 /* model */,
				A3BFC29A258BDA4A000F6F43 /* view */,
				A3BFC298258BDA37000F6F43 /* controller */,
			);
			path = Arrocha;
			sourceTree = "<group>";
		};
		A3BFC298258BDA37000F6F43 /* controller */ = {
			isa = PBXGroup;
			children = (
				A3BFC287258BDA03000F6F43 /* MainViewController.swift */,
				A3BFC29D258BDC67000F6F43 /* ResultadoViewController.swift */,
			);
			name = controller;
			sourceTree = "<group>";
		};
		A3BFC299258BDA44000F6F43 /* model */ = {
			isa = PBXGroup;
			children = (
				A3BFC29B258BDB46000F6F43 /* Arrocha.swift */,
			);
			path = model;
			sourceTree = "<group>";
		};
		A3BFC29A258BDA4A000F6F43 /* view */ = {
			isa = PBXGroup;
			children = (
				A3BFC28E258BDA05000F6F43 /* LaunchScreen.storyboard */,
				A3BFC289258BDA03000F6F43 /* Main.storyboard */,
			);
			path = view;
			sourceTree = "<group>";
		};
/* End PBXGroup section */

/* Begin PBXNativeTarget section */
		A3BFC27F258BDA03000F6F43 /* Arrocha */ = {
			isa = PBXNativeTarget;
			buildConfigurationList = A3BFC294258BDA05000F6F43 /* Build configuration list for PBXNativeTarget "Arrocha" */;
			buildPhases = (
				A3BFC27C258BDA03000F6F43 /* Sources */,
				A3BFC27D258BDA03000F6F43 /* Frameworks */,
				A3BFC27E258BDA03000F6F43 /* Resources */,
			);
			buildRules = (
			);
			dependencies = (
			);
			name = Arrocha;
			productName = Arrocha;
			productReference = A3BFC280258BDA03000F6F43 /* Arrocha.app */;
			productType = "com.apple.product-type.application";
		};
/* End PBXNativeTarget section */

/* Begin PBXProject section */
		A3BFC278258BDA03000F6F43 /* Project object */ = {
			isa = PBXProject;
			attributes = {
				LastSwiftUpdateCheck = 1170;
				LastUpgradeCheck = 1170;
				ORGANIZATIONNAME = "Erick Cristhian Moura da Silva";
				TargetAttributes = {
					A3BFC27F258BDA03000F6F43 = {
						CreatedOnToolsVersion = 11.7;
					};
				};
			};
			buildConfigurationList = A3BFC27B258BDA03000F6F43 /* Build configuration list for PBXProject "Arrocha" */;
			compatibilityVersion = "Xcode 9.3";
			developmentRegion = en;
			hasScannedForEncodings = 0;
			knownRegions = (
				en,
				Base,
			);
			mainGroup = A3BFC277258BDA03000F6F43;
			productRefGroup = A3BFC281258BDA03000F6F43 /* Products */;
			projectDirPath = "";
			projectRoot = "";
			targets = (
				A3BFC27F258BDA03000F6F43 /* Arrocha */,
			);
		};
/* End PBXProject section */

/* Begin PBXResourcesBuildPhase section */
		A3BFC27E258BDA03000F6F43 /* Resources */ = {
			isa = PBXResourcesBuildPhase;
			buildActionMask = 2147483647;
			files = (
				A3BFC290258BDA05000F6F43 /* LaunchScreen.storyboard in Resources */,
				A3BFC28D258BDA05000F6F43 /* Assets.xcassets in Resources */,
				A3BFC28B258BDA03000F6F43 /* Main.storyboard in Resources */,
			);
			runOnlyForDeploymentPostprocessing = 0;
		};
/* End PBXResourcesBuildPhase section */

/* Begin PBXSourcesBuildPhase section */
		A3BFC27C258BDA03000F6F43 /* Sources */ = {
			isa = PBXSourcesBuildPhase;
			buildActionMask = 2147483647;
			files = (
				A3BFC29C258BDB46000F6F43 /* Arrocha.swift in Sources */,
				A3BFC288258BDA03000F6F43 /* MainViewController.swift in Sources */,
				A3BFC29E258BDC67000F6F43 /* ResultadoViewController.swift in Sources */,
				A3BFC284258BDA03000F6F43 /* AppDelegate.swift in Sources */,
				A3BFC286258BDA03000F6F43 /* SceneDelegate.swift in Sources */,
			);
			runOnlyForDeploymentPostprocessing = 0;
		};
/* End PBXSourcesBuildPhase section */

/* Begin PBXVariantGroup section */
		A3BFC289258BDA03000F6F43 /* Main.storyboard */ = {
			isa = PBXVariantGroup;
			children = (
				A3BFC28A258BDA03000F6F43 /* Base */,
			);
			name = Main.storyboard;
			sourceTree = "<group>";
		};
		A3BFC28E258BDA05000F6F43 /* LaunchScreen.storyboard */ = {
			isa = PBXVariantGroup;
			children = (
				A3BFC28F258BDA05000F6F43 /* Base */,
			);
			name = LaunchScreen.storyboard;
			sourceTree = "<group>";
		};
/* End PBXVariantGroup section */

/* Begin XCBuildConfiguration section */
		A3BFC292258BDA05000F6F43 /* Debug */ = {
			isa = XCBuildConfiguration;
			buildSettings = {
				ALWAYS_SEARCH_USER_PATHS = NO;
				CLANG_ANALYZER_NONNULL = YES;
				CLANG_ANALYZER_NUMBER_OBJECT_CONVERSION = YES_AGGRESSIVE;
				CLANG_CXX_LANGUAGE_STANDARD = "gnu++14";
				CLANG_CXX_LIBRARY = "libc++";
				CLANG_ENABLE_MODULES = YES;
				CLANG_ENABLE_OBJC_ARC = YES;
				CLANG_ENABLE_OBJC_WEAK = YES;
				CLANG_WARN_BLOCK_CAPTURE_AUTORELEASING = YES;
				CLANG_WARN_BOOL_CONVERSION = YES;
				CLANG_WARN_COMMA = YES;
				CLANG_WARN_CONSTANT_CONVERSION = YES;
				CLANG_WARN_DEPRECATED_OBJC_IMPLEMENTATIONS = YES;
				CLANG_WARN_DIRECT_OBJC_ISA_USAGE = YES_ERROR;
				CLANG_WARN_DOCUMENTATION_COMMENTS = YES;
				CLANG_WARN_EMPTY_BODY = YES;
				CLANG_WARN_ENUM_CONVERSION = YES;
				CLANG_WARN_INFINITE_RECURSION = YES;
				CLANG_WARN_INT_CONVERSION = YES;
				CLANG_WARN_NON_LITERAL_NULL_CONVERSION = YES;
				CLANG_WARN_OBJC_IMPLICIT_RETAIN_SELF = YES;
				CLANG_WARN_OBJC_LITERAL_CONVERSION = YES;
				CLANG_WARN_OBJC_ROOT_CLASS = YES_ERROR;
				CLANG_WARN_RANGE_LOOP_ANALYSIS = YES;
				CLANG_WARN_STRICT_PROTOTYPES = YES;
				CLANG_WARN_SUSPICIOUS_MOVE = YES;
				CLANG_WARN_UNGUARDED_AVAILABILITY = YES_AGGRESSIVE;
				CLANG_WARN_UNREACHABLE_CODE = YES;
				CLANG_WARN__DUPLICATE_METHOD_MATCH = YES;
				COPY_PHASE_STRIP = NO;
				DEBUG_INFORMATION_FORMAT = dwarf;
				ENABLE_STRICT_OBJC_MSGSEND = YES;
				ENABLE_TESTABILITY = YES;
				GCC_C_LANGUAGE_STANDARD = gnu11;
				GCC_DYNAMIC_NO_PIC = NO;
				GCC_NO_COMMON_BLOCKS = YES;
				GCC_OPTIMIZATION_LEVEL = 0;
				GCC_PREPROCESSOR_DEFINITIONS = (
					"DEBUG=1",
					"$(inherited)",
				);
				GCC_WARN_64_TO_32_BIT_CONVERSION = YES;
				GCC_WARN_ABOUT_RETURN_TYPE = YES_ERROR;
				GCC_WARN_UNDECLARED_SELECTOR = YES;
				GCC_WARN_UNINITIALIZED_AUTOS = YES_AGGRESSIVE;
				GCC_WARN_UNUSED_FUNCTION = YES;
				GCC_WARN_UNUSED_VARIABLE = YES;
				IPHONEOS_DEPLOYMENT_TARGET = 13.7;
				MTL_ENABLE_DEBUG_INFO = INCLUDE_SOURCE;
				MTL_FAST_MATH = YES;
				ONLY_ACTIVE_ARCH = YES;
				SDKROOT = iphoneos;
				SWIFT_ACTIVE_COMPILATION_CONDITIONS = DEBUG;
				SWIFT_OPTIMIZATION_LEVEL = "-Onone";
			};
			name = Debug;
		};
		A3BFC293258BDA05000F6F43 /* Release */ = {
			isa = XCBuildConfiguration;
			buildSettings = {
				ALWAYS_SEARCH_USER_PATHS = NO;
				CLANG_ANALYZER_NONNULL = YES;
				CLANG_ANALYZER_NUMBER_OBJECT_CONVERSION = YES_AGGRESSIVE;
				CLANG_CXX_LANGUAGE_STANDARD = "gnu++14";
				CLANG_CXX_LIBRARY = "libc++";
				CLANG_ENABLE_MODULES = YES;
				CLANG_ENABLE_OBJC_ARC = YES;
				CLANG_ENABLE_OBJC_WEAK = YES;
				CLANG_WARN_BLOCK_CAPTURE_AUTORELEASING = YES;
				CLANG_WARN_BOOL_CONVERSION = YES;
				CLANG_WARN_COMMA = YES;
				CLANG_WARN_CONSTANT_CONVERSION = YES;
				CLANG_WARN_DEPRECATED_OBJC_IMPLEMENTATIONS = YES;
				CLANG_WARN_DIRECT_OBJC_ISA_USAGE = YES_ERROR;
				CLANG_WARN_DOCUMENTATION_COMMENTS = YES;
				CLANG_WARN_EMPTY_BODY = YES;
				CLANG_WARN_ENUM_CONVERSION = YES;
				CLANG_WARN_INFINITE_RECURSION = YES;
				CLANG_WARN_INT_CONVERSION = YES;
				CLANG_WARN_NON_LITERAL_NULL_CONVERSION = YES;
				CLANG_WARN_OBJC_IMPLICIT_RETAIN_SELF = YES;
				CLANG_WARN_OBJC_LITERAL_CONVERSION = YES;
				CLANG_WARN_OBJC_ROOT_CLASS = YES_ERROR;
				CLANG_WARN_RANGE_LOOP_ANALYSIS = YES;
				CLANG_WARN_STRICT_PROTOTYPES = YES;
				CLANG_WARN_SUSPICIOUS_MOVE = YES;
				CLANG_WARN_UNGUARDED_AVAILABILITY = YES_AGGRESSIVE;
				CLANG_WARN_UNREACHABLE_CODE = YES;
				CLANG_WARN__DUPLICATE_METHOD_MATCH = YES;
				COPY_PHASE_STRIP = NO;
				DEBUG_INFORMATION_FORMAT = "dwarf-with-dsym";
				ENABLE_NS_ASSERTIONS = NO;
				ENABLE_STRICT_OBJC_MSGSEND = YES;
				GCC_C_LANGUAGE_STANDARD = gnu11;
				GCC_NO_COMMON_BLOCKS = YES;
				GCC_WARN_64_TO_32_BIT_CONVERSION = YES;
				GCC_WARN_ABOUT_RETURN_TYPE = YES_ERROR;
				GCC_WARN_UNDECLARED_SELECTOR = YES;
				GCC_WARN_UNINITIALIZED_AUTOS = YES_AGGRESSIVE;
				GCC_WARN_UNUSED_FUNCTION = YES;
				GCC_WARN_UNUSED_VARIABLE = YES;
				IPHONEOS_DEPLOYMENT_TARGET = 13.7;
				MTL_ENABLE_DEBUG_INFO = NO;
				MTL_FAST_MATH = YES;
				SDKROOT = iphoneos;
				SWIFT_COMPILATION_MODE = wholemodule;
				SWIFT_OPTIMIZATION_LEVEL = "-O";
				VALIDATE_PRODUCT = YES;
			};
			name = Release;
		};
		A3BFC295258BDA05000F6F43 /* Debug */ = {
			isa = XCBuildConfiguration;
			buildSettings = {
				ASSETCATALOG_COMPILER_APPICON_NAME = AppIcon;
				CODE_SIGN_STYLE = Automatic;
				INFOPLIST_FILE = Arrocha/Info.plist;
				LD_RUNPATH_SEARCH_PATHS = (
					"$(inherited)",
					"@executable_path/Frameworks",
				);
				PRODUCT_BUNDLE_IDENTIFIER = br.edu.ifpb.pdm.Arrocha;
				PRODUCT_NAME = "$(TARGET_NAME)";
				SWIFT_VERSION = 5.0;
				TARGETED_DEVICE_FAMILY = "1,2";
			};
			name = Debug;
		};
		A3BFC296258BDA05000F6F43 /* Release */ = {
			isa = XCBuildConfiguration;
			buildSettings = {
				ASSETCATALOG_COMPILER_APPICON_NAME = AppIcon;
				CODE_SIGN_STYLE = Automatic;
				INFOPLIST_FILE = Arrocha/Info.plist;
				LD_RUNPATH_SEARCH_PATHS = (
					"$(inherited)",
					"@executable_path/Frameworks",
				);
				PRODUCT_BUNDLE_IDENTIFIER = br.edu.ifpb.pdm.Arrocha;
				PRODUCT_NAME = "$(TARGET_NAME)";
				SWIFT_VERSION = 5.0;
				TARGETED_DEVICE_FAMILY = "1,2";
			};
			name = Release;
		};
/* End XCBuildConfiguration section */

/* Begin XCConfigurationList section */
		A3BFC27B258BDA03000F6F43 /* Build configuration list for PBXProject "Arrocha" */ = {
			isa = XCConfigurationList;
			buildConfigurations = (
				A3BFC292258BDA05000F6F43 /* Debug */,
				A3BFC293258BDA05000F6F43 /* Release */,
			);
			defaultConfigurationIsVisible = 0;
			defaultConfigurationName = Release;
		};
		A3BFC294258BDA05000F6F43 /* Build configuration list for PBXNativeTarget "Arrocha" */ = {
			isa = XCConfigurationList;
			buildConfigurations = (
				A3BFC295258BDA05000F6F43 /* Debug */,
				A3BFC296258BDA05000F6F43 /* Release */,
			);
			defaultConfigurationIsVisible = 0;
			defaultConfigurationName = Release;
		};
/* End XCConfigurationList section */
	};
	rootObject = A3BFC278258BDA03000F6F43 /* Project object */;
}
